
Microsoft Visual Studio Solution File, Format Version 12.00
# Visual Studio 15
VisualStudioVersion = 15.0.26730.16
MinimumVisualStudioVersion = 10.0.40219.1
Project("{8BC9CEB8-8B4A-11D0-8D11-00A0C91BC942}") = "kursik", "kursik.vcxproj", "{EC7D2FF2-6300-4D49-A9BF-2E8DA79F64E6}"
EndProject
Global
	GlobalSection(SolutionConfigurationPlatforms) = preSolution
		Debug|x64 = Debug|x64
		Debug|x86 = Debug|x86
		Release|x64 = Release|x64
		Release|x86 = Release|x86
	EndGlobalSection
	GlobalSection(ProjectConfigurationPlatforms) = postSolution
		{EC7D2FF2-6300-4D49-A9BF-2E8DA79F64E6}.Debug|x64.ActiveCfg = Debug|x64
		{EC7D2FF2-6300-4D49-A9BF-2E8DA79F64E6}.Debug|x64.Build.0 = Debug|x64
		{EC7D2FF2-6300-4D49-A9BF-2E8DA79F64E6}.Debug|x86.ActiveCfg = Debug|Win32
		{EC7D2FF2-6300-4D49-A9BF-2E8DA79F64E6}.Debug|x86.Build.0 = Debug|Win32
		{EC7D2FF2-6300-4D49-A9BF-2E8DA79F64E6}.Release|x64.ActiveCfg = Release|x64
		{EC7D2FF2-6300-4D49-A9BF-2E8DA79F64E6}.Release|x64.Build.0 = Release|x64
		{EC7D2FF2-6300-4D49-A9BF-2E8DA79F64E6}.Release|x86.ActiveCfg = Release|Win32
		{EC7D2FF2-6300-4D49-A9BF-2E8DA79F64E6}.Release|x86.Build.0 = Release|Win32
	EndGlobalSection
	GlobalSection(SolutionProperties) = preSolution
		HideSolutionNode = FALSE
	EndGlobalSection
	GlobalSection(ExtensibilityGlobals) = postSolution
		SolutionGuid = {0630D05D-50EA-414C-A669-D0198CBB705A}
	EndGlobalSection
EndGlobal
